
Microsoft Visual Studio Solution File, Format Version 12.00
# Visual Studio Version 17
VisualStudioVersion = 17.8.34112.27
MinimumVisualStudioVersion = 10.0.40219.1
Project("{FAE04EC0-301F-11D3-BF4B-00C04F79EFBC}") = "VSIXProjectPractice", "VSIXProjectPractice.csproj", "{2D43C826-F607-4492-9513-43A6B0F550E7}"
EndProject
Global
	GlobalSection(SolutionConfigurationPlatforms) = preSolution
		Debug|Any CPU = Debug|Any CPU
		Debug|arm64 = Debug|arm64
		Debug|x86 = Debug|x86
		Release|Any CPU = Release|Any CPU
		Release|arm64 = Release|arm64
		Release|x86 = Release|x86
	EndGlobalSection
	GlobalSection(ProjectConfigurationPlatforms) = postSolution
		{2D43C826-F607-4492-9513-43A6B0F550E7}.Debug|Any CPU.ActiveCfg = Debug|Any CPU
		{2D43C826-F607-4492-9513-43A6B0F550E7}.Debug|Any CPU.Build.0 = Debug|Any CPU
		{2D43C826-F607-4492-9513-43A6B0F550E7}.Debug|arm64.ActiveCfg = Debug|arm64
		{2D43C826-F607-4492-9513-43A6B0F550E7}.Debug|arm64.Build.0 = Debug|arm64
		{2D43C826-F607-4492-9513-43A6B0F550E7}.Debug|x86.ActiveCfg = Debug|x86
		{2D43C826-F607-4492-9513-43A6B0F550E7}.Debug|x86.Build.0 = Debug|x86
		{2D43C826-F607-4492-9513-43A6B0F550E7}.Release|Any CPU.ActiveCfg = Release|Any CPU
		{2D43C826-F607-4492-9513-43A6B0F550E7}.Release|Any CPU.Build.0 = Release|Any CPU
		{2D43C826-F607-4492-9513-43A6B0F550E7}.Release|arm64.ActiveCfg = Release|arm64
		{2D43C826-F607-4492-9513-43A6B0F550E7}.Release|arm64.Build.0 = Release|arm64
		{2D43C826-F607-4492-9513-43A6B0F550E7}.Release|x86.ActiveCfg = Release|x86
		{2D43C826-F607-4492-9513-43A6B0F550E7}.Release|x86.Build.0 = Release|x86
	EndGlobalSection
	GlobalSection(SolutionProperties) = preSolution
		HideSolutionNode = FALSE
	EndGlobalSection
	GlobalSection(ExtensibilityGlobals) = postSolution
		SolutionGuid = {C7B14605-4389-4644-80B0-A207282A4A55}
	EndGlobalSection
EndGlobal
